// !$*UTF8*$!
{
	archiveVersion = 1;
	classes = {
	};
	objectVersion = 77;
	objects = {

/* Begin PBXContainerItemProxy section */
		04857BE32D8EC6C200195DB6 /* PBXContainerItemProxy */ = {
			isa = PBXContainerItemProxy;
			containerPortal = 04857BCA2D8EC6C100195DB6 /* Project object */;
			proxyType = 1;
			remoteGlobalIDString = 04857BD12D8EC6C100195DB6;
			remoteInfo = ar_museum;
		};
		04857BED2D8EC6C200195DB6 /* PBXContainerItemProxy */ = {
			isa = PBXContainerItemProxy;
			containerPortal = 04857BCA2D8EC6C100195DB6 /* Project object */;
			proxyType = 1;
			remoteGlobalIDString = 04857BD12D8EC6C100195DB6;
			remoteInfo = ar_museum;
		};
/* End PBXContainerItemProxy section */

/* Begin PBXFileReference section */
		04857BD22D8EC6C100195DB6 /* ar_museum.app */ = {isa = PBXFileReference; explicitFileType = wrapper.application; includeInIndex = 0; path = ar_museum.app; sourceTree = BUILT_PRODUCTS_DIR; };
		04857BE22D8EC6C200195DB6 /* ar_museumTests.xctest */ = {isa = PBXFileReference; explicitFileType = wrapper.cfbundle; includeInIndex = 0; path = ar_museumTests.xctest; sourceTree = BUILT_PRODUCTS_DIR; };
		04857BEC2D8EC6C200195DB6 /* ar_museumUITests.xctest */ = {isa = PBXFileReference; explicitFileType = wrapper.cfbundle; includeInIndex = 0; path = ar_museumUITests.xctest; sourceTree = BUILT_PRODUCTS_DIR; };
/* End PBXFileReference section */

/* Begin PBXFileSystemSynchronizedRootGroup section */
		04857BD42D8EC6C100195DB6 /* ar_museum */ = {
			isa = PBXFileSystemSynchronizedRootGroup;
			path = ar_museum;
			sourceTree = "<group>";
		};
		04857BE52D8EC6C200195DB6 /* ar_museumTests */ = {
			isa = PBXFileSystemSynchronizedRootGroup;
			path = ar_museumTests;
			sourceTree = "<group>";
		};
		04857BEF2D8EC6C200195DB6 /* ar_museumUITests */ = {
			isa = PBXFileSystemSynchronizedRootGroup;
			path = ar_museumUITests;
			sourceTree = "<group>";
		};
/* End PBXFileSystemSynchronizedRootGroup section */

/* Begin PBXFrameworksBuildPhase section */
		04857BCF2D8EC6C100195DB6 /* Frameworks */ = {
			isa = PBXFrameworksBuildPhase;
			buildActionMask = 2147483647;
			files = (
			);
			runOnlyForDeploymentPostprocessing = 0;
		};
		04857BDF2D8EC6C200195DB6 /* Frameworks */ = {
			isa = PBXFrameworksBuildPhase;
			buildActionMask = 2147483647;
			files = (
			);
			runOnlyForDeploymentPostprocessing = 0;
		};
		04857BE92D8EC6C200195DB6 /* Frameworks */ = {
			isa = PBXFrameworksBuildPhase;
			buildActionMask = 2147483647;
			files = (
			);
			runOnlyForDeploymentPostprocessing = 0;
		};
/* End PBXFrameworksBuildPhase section */

/* Begin PBXGroup section */
		04857BC92D8EC6C100195DB6 = {
			isa = PBXGroup;
			children = (
				04857BD42D8EC6C100195DB6 /* ar_museum */,
				04857BE52D8EC6C200195DB6 /* ar_museumTests */,
				04857BEF2D8EC6C200195DB6 /* ar_museumUITests */,
				04857BD32D8EC6C100195DB6 /* Products */,
			);
			sourceTree = "<group>";
		};
		04857BD32D8EC6C100195DB6 /* Products */ = {
			isa = PBXGroup;
			children = (
				04857BD22D8EC6C100195DB6 /* ar_museum.app */,
				04857BE22D8EC6C200195DB6 /* ar_museumTests.xctest */,
				04857BEC2D8EC6C200195DB6 /* ar_museumUITests.xctest */,
			);
			name = Products;
			sourceTree = "<group>";
		};
/* End PBXGroup section */

/* Begin PBXNativeTarget section */
		04857BD12D8EC6C100195DB6 /* ar_museum */ = {
			isa = PBXNativeTarget;
			buildConfigurationList = 04857BF62D8EC6C200195DB6 /* Build configuration list for PBXNativeTarget "ar_museum" */;
			buildPhases = (
				04857BCE2D8EC6C100195DB6 /* Sources */,
				04857BCF2D8EC6C100195DB6 /* Frameworks */,
				04857BD02D8EC6C100195DB6 /* Resources */,
			);
			buildRules = (
			);
			dependencies = (
			);
			fileSystemSynchronizedGroups = (
				04857BD42D8EC6C100195DB6 /* ar_museum */,
			);
			name = ar_museum;
			packageProductDependencies = (
			);
			productName = ar_museum;
			productReference = 04857BD22D8EC6C100195DB6 /* ar_museum.app */;
			productType = "com.apple.product-type.application";
		};
		04857BE12D8EC6C200195DB6 /* ar_museumTests */ = {
			isa = PBXNativeTarget;
			buildConfigurationList = 04857BF92D8EC6C200195DB6 /* Build configuration list for PBXNativeTarget "ar_museumTests" */;
			buildPhases = (
				04857BDE2D8EC6C200195DB6 /* Sources */,
				04857BDF2D8EC6C200195DB6 /* Frameworks */,
				04857BE02D8EC6C200195DB6 /* Resources */,
			);
			buildRules = (
			);
			dependencies = (
				04857BE42D8EC6C200195DB6 /* PBXTargetDependency */,
			);
			fileSystemSynchronizedGroups = (
				04857BE52D8EC6C200195DB6 /* ar_museumTests */,
			);
			name = ar_museumTests;
			packageProductDependencies = (
			);
			productName = ar_museumTests;
			productReference = 04857BE22D8EC6C200195DB6 /* ar_museumTests.xctest */;
			productType = "com.apple.product-type.bundle.unit-test";
		};
		04857BEB2D8EC6C200195DB6 /* ar_museumUITests */ = {
			isa = PBXNativeTarget;
			buildConfigurationList = 04857BFC2D8EC6C200195DB6 /* Build configuration list for PBXNativeTarget "ar_museumUITests" */;
			buildPhases = (
				04857BE82D8EC6C200195DB6 /* Sources */,
				04857BE92D8EC6C200195DB6 /* Frameworks */,
				04857BEA2D8EC6C200195DB6 /* Resources */,
			);
			buildRules = (
			);
			dependencies = (
				04857BEE2D8EC6C200195DB6 /* PBXTargetDependency */,
			);
			fileSystemSynchronizedGroups = (
				04857BEF2D8EC6C200195DB6 /* ar_museumUITests */,
			);
			name = ar_museumUITests;
			packageProductDependencies = (
			);
			productName = ar_museumUITests;
			productReference = 04857BEC2D8EC6C200195DB6 /* ar_museumUITests.xctest */;
			productType = "com.apple.product-type.bundle.ui-testing";
		};
/* End PBXNativeTarget section */

/* Begin PBXProject section */
		04857BCA2D8EC6C100195DB6 /* Project object */ = {
			isa = PBXProject;
			attributes = {
				BuildIndependentTargetsInParallel = 1;
				LastSwiftUpdateCheck = 1620;
				LastUpgradeCheck = 1620;
				TargetAttributes = {
					04857BD12D8EC6C100195DB6 = {
						CreatedOnToolsVersion = 16.2;
					};
					04857BE12D8EC6C200195DB6 = {
						CreatedOnToolsVersion = 16.2;
						TestTargetID = 04857BD12D8EC6C100195DB6;
					};
					04857BEB2D8EC6C200195DB6 = {
						CreatedOnToolsVersion = 16.2;
						TestTargetID = 04857BD12D8EC6C100195DB6;
					};
				};
			};
			buildConfigurationList = 04857BCD2D8EC6C100195DB6 /* Build configuration list for PBXProject "ar_museum" */;
			developmentRegion = en;
			hasScannedForEncodings = 0;
			knownRegions = (
				en,
				Base,
			);
			mainGroup = 04857BC92D8EC6C100195DB6;
			minimizedProjectReferenceProxies = 1;
			preferredProjectObjectVersion = 77;
			productRefGroup = 04857BD32D8EC6C100195DB6 /* Products */;
			projectDirPath = "";
			projectRoot = "";
			targets = (
				04857BD12D8EC6C100195DB6 /* ar_museum */,
				04857BE12D8EC6C200195DB6 /* ar_museumTests */,
				04857BEB2D8EC6C200195DB6 /* ar_museumUITests */,
			);
		};
/* End PBXProject section */

/* Begin PBXResourcesBuildPhase section */
		04857BD02D8EC6C100195DB6 /* Resources */ = {
			isa = PBXResourcesBuildPhase;
			buildActionMask = 2147483647;
			files = (
			);
			runOnlyForDeploymentPostprocessing = 0;
		};
		04857BE02D8EC6C200195DB6 /* Resources */ = {
			isa = PBXResourcesBuildPhase;
			buildActionMask = 2147483647;
			files = (
			);
			runOnlyForDeploymentPostprocessing = 0;
		};
		04857BEA2D8EC6C200195DB6 /* Resources */ = {
			isa = PBXResourcesBuildPhase;
			buildActionMask = 2147483647;
			files = (
			);
			runOnlyForDeploymentPostprocessing = 0;
		};
/* End PBXResourcesBuildPhase section */

/* Begin PBXSourcesBuildPhase section */
		04857BCE2D8EC6C100195DB6 /* Sources */ = {
			isa = PBXSourcesBuildPhase;
			buildActionMask = 2147483647;
			files = (
			);
			runOnlyForDeploymentPostprocessing = 0;
		};
		04857BDE2D8EC6C200195DB6 /* Sources */ = {
			isa = PBXSourcesBuildPhase;
			buildActionMask = 2147483647;
			files = (
			);
			runOnlyForDeploymentPostprocessing = 0;
		};
		04857BE82D8EC6C200195DB6 /* Sources */ = {
			isa = PBXSourcesBuildPhase;
			buildActionMask = 2147483647;
			files = (
			);
			runOnlyForDeploymentPostprocessing = 0;
		};
/* End PBXSourcesBuildPhase section */

/* Begin PBXTargetDependency section */
		04857BE42D8EC6C200195DB6 /* PBXTargetDependency */ = {
			isa = PBXTargetDependency;
			target = 04857BD12D8EC6C100195DB6 /* ar_museum */;
			targetProxy = 04857BE32D8EC6C200195DB6 /* PBXContainerItemProxy */;
		};
		04857BEE2D8EC6C200195DB6 /* PBXTargetDependency */ = {
			isa = PBXTargetDependency;
			target = 04857BD12D8EC6C100195DB6 /* ar_museum */;
			targetProxy = 04857BED2D8EC6C200195DB6 /* PBXContainerItemProxy */;
		};
/* End PBXTargetDependency section */

/* Begin XCBuildConfiguration section */
		04857BF42D8EC6C200195DB6 /* Debug */ = {
			isa = XCBuildConfiguration;
			buildSettings = {
				ALWAYS_SEARCH_USER_PATHS = NO;
				ASSETCATALOG_COMPILER_GENERATE_SWIFT_ASSET_SYMBOL_EXTENSIONS = YES;
				CLANG_ANALYZER_NONNULL = YES;
				CLANG_ANALYZER_NUMBER_OBJECT_CONVERSION = YES_AGGRESSIVE;
				CLANG_CXX_LANGUAGE_STANDARD = "gnu++20";
				CLANG_ENABLE_MODULES = YES;
				CLANG_ENABLE_OBJC_ARC = YES;
				CLANG_ENABLE_OBJC_WEAK = YES;
				CLANG_WARN_BLOCK_CAPTURE_AUTORELEASING = YES;
				CLANG_WARN_BOOL_CONVERSION = YES;
				CLANG_WARN_COMMA = YES;
				CLANG_WARN_CONSTANT_CONVERSION = YES;
				CLANG_WARN_DEPRECATED_OBJC_IMPLEMENTATIONS = YES;
				CLANG_WARN_DIRECT_OBJC_ISA_USAGE = YES_ERROR;
				CLANG_WARN_DOCUMENTATION_COMMENTS = YES;
				CLANG_WARN_EMPTY_BODY = YES;
				CLANG_WARN_ENUM_CONVERSION = YES;
				CLANG_WARN_INFINITE_RECURSION = YES;
				CLANG_WARN_INT_CONVERSION = YES;
				CLANG_WARN_NON_LITERAL_NULL_CONVERSION = YES;
				CLANG_WARN_OBJC_IMPLICIT_RETAIN_SELF = YES;
				CLANG_WARN_OBJC_LITERAL_CONVERSION = YES;
				CLANG_WARN_OBJC_ROOT_CLASS = YES_ERROR;
				CLANG_WARN_QUOTED_INCLUDE_IN_FRAMEWORK_HEADER = YES;
				CLANG_WARN_RANGE_LOOP_ANALYSIS = YES;
				CLANG_WARN_STRICT_PROTOTYPES = YES;
				CLANG_WARN_SUSPICIOUS_MOVE = YES;
				CLANG_WARN_UNGUARDED_AVAILABILITY = YES_AGGRESSIVE;
				CLANG_WARN_UNREACHABLE_CODE = YES;
				CLANG_WARN__DUPLICATE_METHOD_MATCH = YES;
				COPY_PHASE_STRIP = NO;
				DEBUG_INFORMATION_FORMAT = dwarf;
				ENABLE_STRICT_OBJC_MSGSEND = YES;
				ENABLE_TESTABILITY = YES;
				ENABLE_USER_SCRIPT_SANDBOXING = YES;
				GCC_C_LANGUAGE_STANDARD = gnu17;
				GCC_DYNAMIC_NO_PIC = NO;
				GCC_NO_COMMON_BLOCKS = YES;
				GCC_OPTIMIZATION_LEVEL = 0;
				GCC_PREPROCESSOR_DEFINITIONS = (
					"DEBUG=1",
					"$(inherited)",
				);
				GCC_WARN_64_TO_32_BIT_CONVERSION = YES;
				GCC_WARN_ABOUT_RETURN_TYPE = YES_ERROR;
				GCC_WARN_UNDECLARED_SELECTOR = YES;
				GCC_WARN_UNINITIALIZED_AUTOS = YES_AGGRESSIVE;
				GCC_WARN_UNUSED_FUNCTION = YES;
				GCC_WARN_UNUSED_VARIABLE = YES;
				IPHONEOS_DEPLOYMENT_TARGET = 18.2;
				LOCALIZATION_PREFERS_STRING_CATALOGS = YES;
				MTL_ENABLE_DEBUG_INFO = INCLUDE_SOURCE;
				MTL_FAST_MATH = YES;
				ONLY_ACTIVE_ARCH = YES;
				SDKROOT = iphoneos;
				SWIFT_ACTIVE_COMPILATION_CONDITIONS = "DEBUG $(inherited)";
				SWIFT_OPTIMIZATION_LEVEL = "-Onone";
			};
			name = Debug;
		};
		04857BF52D8EC6C200195DB6 /* Release */ = {
			isa = XCBuildConfiguration;
			buildSettings = {
				ALWAYS_SEARCH_USER_PATHS = NO;
				ASSETCATALOG_COMPILER_GENERATE_SWIFT_ASSET_SYMBOL_EXTENSIONS = YES;
				CLANG_ANALYZER_NONNULL = YES;
				CLANG_ANALYZER_NUMBER_OBJECT_CONVERSION = YES_AGGRESSIVE;
				CLANG_CXX_LANGUAGE_STANDARD = "gnu++20";
				CLANG_ENABLE_MODULES = YES;
				CLANG_ENABLE_OBJC_ARC = YES;
				CLANG_ENABLE_OBJC_WEAK = YES;
				CLANG_WARN_BLOCK_CAPTURE_AUTORELEASING = YES;
				CLANG_WARN_BOOL_CONVERSION = YES;
				CLANG_WARN_COMMA = YES;
				CLANG_WARN_CONSTANT_CONVERSION = YES;
				CLANG_WARN_DEPRECATED_OBJC_IMPLEMENTATIONS = YES;
				CLANG_WARN_DIRECT_OBJC_ISA_USAGE = YES_ERROR;
				CLANG_WARN_DOCUMENTATION_COMMENTS = YES;
				CLANG_WARN_EMPTY_BODY = YES;
				CLANG_WARN_ENUM_CONVERSION = YES;
				CLANG_WARN_INFINITE_RECURSION = YES;
				CLANG_WARN_INT_CONVERSION = YES;
				CLANG_WARN_NON_LITERAL_NULL_CONVERSION = YES;
				CLANG_WARN_OBJC_IMPLICIT_RETAIN_SELF = YES;
				CLANG_WARN_OBJC_LITERAL_CONVERSION = YES;
				CLANG_WARN_OBJC_ROOT_CLASS = YES_ERROR;
				CLANG_WARN_QUOTED_INCLUDE_IN_FRAMEWORK_HEADER = YES;
				CLANG_WARN_RANGE_LOOP_ANALYSIS = YES;
				CLANG_WARN_STRICT_PROTOTYPES = YES;
				CLANG_WARN_SUSPICIOUS_MOVE = YES;
				CLANG_WARN_UNGUARDED_AVAILABILITY = YES_AGGRESSIVE;
				CLANG_WARN_UNREACHABLE_CODE = YES;
				CLANG_WARN__DUPLICATE_METHOD_MATCH = YES;
				COPY_PHASE_STRIP = NO;
				DEBUG_INFORMATION_FORMAT = "dwarf-with-dsym";
				ENABLE_NS_ASSERTIONS = NO;
				ENABLE_STRICT_OBJC_MSGSEND = YES;
				ENABLE_USER_SCRIPT_SANDBOXING = YES;
				GCC_C_LANGUAGE_STANDARD = gnu17;
				GCC_NO_COMMON_BLOCKS = YES;
				GCC_WARN_64_TO_32_BIT_CONVERSION = YES;
				GCC_WARN_ABOUT_RETURN_TYPE = YES_ERROR;
				GCC_WARN_UNDECLARED_SELECTOR = YES;
				GCC_WARN_UNINITIALIZED_AUTOS = YES_AGGRESSIVE;
				GCC_WARN_UNUSED_FUNCTION = YES;
				GCC_WARN_UNUSED_VARIABLE = YES;
				IPHONEOS_DEPLOYMENT_TARGET = 18.2;
				LOCALIZATION_PREFERS_STRING_CATALOGS = YES;
				MTL_ENABLE_DEBUG_INFO = NO;
				MTL_FAST_MATH = YES;
				SDKROOT = iphoneos;
				SWIFT_COMPILATION_MODE = wholemodule;
				VALIDATE_PRODUCT = YES;
			};
			name = Release;
		};
		04857BF72D8EC6C200195DB6 /* Debug */ = {
			isa = XCBuildConfiguration;
			buildSettings = {
				ASSETCATALOG_COMPILER_APPICON_NAME = AppIcon;
				ASSETCATALOG_COMPILER_GLOBAL_ACCENT_COLOR_NAME = AccentColor;
				CODE_SIGN_STYLE = Automatic;
				CURRENT_PROJECT_VERSION = 1;
				DEVELOPMENT_ASSET_PATHS = "\"ar_museum/Preview Content\"";
				DEVELOPMENT_TEAM = UAGJSKM5RM;
				ENABLE_PREVIEWS = YES;
				GENERATE_INFOPLIST_FILE = YES;
				INFOPLIST_KEY_NSCameraUsageDescription = "";
				INFOPLIST_KEY_UIApplicationSupportsIndirectInputEvents = YES;
				INFOPLIST_KEY_UILaunchScreen_Generation = YES;
				INFOPLIST_KEY_UIRequiredDeviceCapabilities = arkit;
				INFOPLIST_KEY_UIStatusBarHidden = YES;
				INFOPLIST_KEY_UISupportedInterfaceOrientations_iPad = "UIInterfaceOrientationPortrait UIInterfaceOrientationPortraitUpsideDown UIInterfaceOrientationLandscapeLeft UIInterfaceOrientationLandscapeRight";
				INFOPLIST_KEY_UISupportedInterfaceOrientations_iPhone = "UIInterfaceOrientationPortrait UIInterfaceOrientationLandscapeLeft UIInterfaceOrientationLandscapeRight";
				LD_RUNPATH_SEARCH_PATHS = (
					"$(inherited)",
					"@executable_path/Frameworks",
				);
				MARKETING_VERSION = 1.0;
				PRODUCT_BUNDLE_IDENTIFIER = "-.ar-museum";
				PRODUCT_NAME = "$(TARGET_NAME)";
				SWIFT_EMIT_LOC_STRINGS = YES;
				SWIFT_VERSION = 5.0;
				TARGETED_DEVICE_FAMILY = "1,2";
			};
			name = Debug;
		};
		04857BF82D8EC6C200195DB6 /* Release */ = {
			isa = XCBuildConfiguration;
			buildSettings = {
				ASSETCATALOG_COMPILER_APPICON_NAME = AppIcon;
				ASSETCATALOG_COMPILER_GLOBAL_ACCENT_COLOR_NAME = AccentColor;
				CODE_SIGN_STYLE = Automatic;
				CURRENT_PROJECT_VERSION = 1;
				DEVELOPMENT_ASSET_PATHS = "\"ar_museum/Preview Content\"";
				DEVELOPMENT_TEAM = UAGJSKM5RM;
				ENABLE_PREVIEWS = YES;
				GENERATE_INFOPLIST_FILE = YES;
				INFOPLIST_KEY_NSCameraUsageDescription = "";
				INFOPLIST_KEY_UIApplicationSupportsIndirectInputEvents = YES;
				INFOPLIST_KEY_UILaunchScreen_Generation = YES;
				INFOPLIST_KEY_UIRequiredDeviceCapabilities = arkit;
				INFOPLIST_KEY_UIStatusBarHidden = YES;
				INFOPLIST_KEY_UISupportedInterfaceOrientations_iPad = "UIInterfaceOrientationPortrait UIInterfaceOrientationPortraitUpsideDown UIInterfaceOrientationLandscapeLeft UIInterfaceOrientationLandscapeRight";
				INFOPLIST_KEY_UISupportedInterfaceOrientations_iPhone = "UIInterfaceOrientationPortrait UIInterfaceOrientationLandscapeLeft UIInterfaceOrientationLandscapeRight";
				LD_RUNPATH_SEARCH_PATHS = (
					"$(inherited)",
					"@executable_path/Frameworks",
				);
				MARKETING_VERSION = 1.0;
				PRODUCT_BUNDLE_IDENTIFIER = "-.ar-museum";
				PRODUCT_NAME = "$(TARGET_NAME)";
				SWIFT_EMIT_LOC_STRINGS = YES;
				SWIFT_VERSION = 5.0;
				TARGETED_DEVICE_FAMILY = "1,2";
			};
			name = Release;
		};
		04857BFA2D8EC6C200195DB6 /* Debug */ = {
			isa = XCBuildConfiguration;
			buildSettings = {
				BUNDLE_LOADER = "$(TEST_HOST)";
				CODE_SIGN_STYLE = Automatic;
				CURRENT_PROJECT_VERSION = 1;
				DEVELOPMENT_TEAM = UAGJSKM5RM;
				GENERATE_INFOPLIST_FILE = YES;
				IPHONEOS_DEPLOYMENT_TARGET = 18.2;
				MARKETING_VERSION = 1.0;
				PRODUCT_BUNDLE_IDENTIFIER = "-.ar-museumTests";
				PRODUCT_NAME = "$(TARGET_NAME)";
				SWIFT_EMIT_LOC_STRINGS = NO;
				SWIFT_VERSION = 5.0;
				TARGETED_DEVICE_FAMILY = "1,2";
				TEST_HOST = "$(BUILT_PRODUCTS_DIR)/ar_museum.app/$(BUNDLE_EXECUTABLE_FOLDER_PATH)/ar_museum";
			};
			name = Debug;
		};
		04857BFB2D8EC6C200195DB6 /* Release */ = {
			isa = XCBuildConfiguration;
			buildSettings = {
				BUNDLE_LOADER = "$(TEST_HOST)";
				CODE_SIGN_STYLE = Automatic;
				CURRENT_PROJECT_VERSION = 1;
				DEVELOPMENT_TEAM = UAGJSKM5RM;
				GENERATE_INFOPLIST_FILE = YES;
				IPHONEOS_DEPLOYMENT_TARGET = 18.2;
				MARKETING_VERSION = 1.0;
				PRODUCT_BUNDLE_IDENTIFIER = "-.ar-museumTests";
				PRODUCT_NAME = "$(TARGET_NAME)";
				SWIFT_EMIT_LOC_STRINGS = NO;
				SWIFT_VERSION = 5.0;
				TARGETED_DEVICE_FAMILY = "1,2";
				TEST_HOST = "$(BUILT_PRODUCTS_DIR)/ar_museum.app/$(BUNDLE_EXECUTABLE_FOLDER_PATH)/ar_museum";
			};
			name = Release;
		};
		04857BFD2D8EC6C200195DB6 /* Debug */ = {
			isa = XCBuildConfiguration;
			buildSettings = {
				CODE_SIGN_STYLE = Automatic;
				CURRENT_PROJECT_VERSION = 1;
				DEVELOPMENT_TEAM = UAGJSKM5RM;
				GENERATE_INFOPLIST_FILE = YES;
				MARKETING_VERSION = 1.0;
				PRODUCT_BUNDLE_IDENTIFIER = "-.ar-museumUITests";
				PRODUCT_NAME = "$(TARGET_NAME)";
				SWIFT_EMIT_LOC_STRINGS = NO;
				SWIFT_VERSION = 5.0;
				TARGETED_DEVICE_FAMILY = "1,2";
				TEST_TARGET_NAME = ar_museum;
			};
			name = Debug;
		};
		04857BFE2D8EC6C200195DB6 /* Release */ = {
			isa = XCBuildConfiguration;
			buildSettings = {
				CODE_SIGN_STYLE = Automatic;
				CURRENT_PROJECT_VERSION = 1;
				DEVELOPMENT_TEAM = UAGJSKM5RM;
				GENERATE_INFOPLIST_FILE = YES;
				MARKETING_VERSION = 1.0;
				PRODUCT_BUNDLE_IDENTIFIER = "-.ar-museumUITests";
				PRODUCT_NAME = "$(TARGET_NAME)";
				SWIFT_EMIT_LOC_STRINGS = NO;
				SWIFT_VERSION = 5.0;
				TARGETED_DEVICE_FAMILY = "1,2";
				TEST_TARGET_NAME = ar_museum;
			};
			name = Release;
		};
/* End XCBuildConfiguration section */

/* Begin XCConfigurationList section */
		04857BCD2D8EC6C100195DB6 /* Build configuration list for PBXProject "ar_museum" */ = {
			isa = XCConfigurationList;
			buildConfigurations = (
				04857BF42D8EC6C200195DB6 /* Debug */,
				04857BF52D8EC6C200195DB6 /* Release */,
			);
			defaultConfigurationIsVisible = 0;
			defaultConfigurationName = Debug;
		};
		04857BF62D8EC6C200195DB6 /* Build configuration list for PBXNativeTarget "ar_museum" */ = {
			isa = XCConfigurationList;
			buildConfigurations = (
				04857BF72D8EC6C200195DB6 /* Debug */,
				04857BF82D8EC6C200195DB6 /* Release */,
			);
			defaultConfigurationIsVisible = 0;
			defaultConfigurationName = Debug;
		};
		04857BF92D8EC6C200195DB6 /* Build configuration list for PBXNativeTarget "ar_museumTests" */ = {
			isa = XCConfigurationList;
			buildConfigurations = (
				04857BFA2D8EC6C200195DB6 /* Debug */,
				04857BFB2D8EC6C200195DB6 /* Release */,
			);
			defaultConfigurationIsVisible = 0;
			defaultConfigurationName = Debug;
		};
		04857BFC2D8EC6C200195DB6 /* Build configuration list for PBXNativeTarget "ar_museumUITests" */ = {
			isa = XCConfigurationList;
			buildConfigurations = (
				04857BFD2D8EC6C200195DB6 /* Debug */,
				04857BFE2D8EC6C200195DB6 /* Release */,
			);
			defaultConfigurationIsVisible = 0;
			defaultConfigurationName = Debug;
		};
/* End XCConfigurationList section */
	};
	rootObject = 04857BCA2D8EC6C100195DB6 /* Project object */;
}
